
Microsoft Visual Studio Solution File, Format Version 12.00
# Visual Studio 15
VisualStudioVersion = 15.0.26403.0
MinimumVisualStudioVersion = 10.0.40219.1
Project("{FAE04EC0-301F-11D3-BF4B-00C04F79EFBC}") = "DesignPatterns", "DesignPatterns\DesignPatterns.csproj", "{79B539C5-E1C7-44D4-9C34-68E00B9C1BB4}"
EndProject
Global
	GlobalSection(SolutionConfigurationPlatforms) = preSolution
		Debug|Any CPU = Debug|Any CPU
		Release|Any CPU = Release|Any CPU
	EndGlobalSection
	GlobalSection(ProjectConfigurationPlatforms) = postSolution
		{79B539C5-E1C7-44D4-9C34-68E00B9C1BB4}.Debug|Any CPU.ActiveCfg = Debug|Any CPU
		{79B539C5-E1C7-44D4-9C34-68E00B9C1BB4}.Debug|Any CPU.Build.0 = Debug|Any CPU
		{79B539C5-E1C7-44D4-9C34-68E00B9C1BB4}.Release|Any CPU.ActiveCfg = Release|Any CPU
		{79B539C5-E1C7-44D4-9C34-68E00B9C1BB4}.Release|Any CPU.Build.0 = Release|Any CPU
	EndGlobalSection
	GlobalSection(SolutionProperties) = preSolution
		HideSolutionNode = FALSE
	EndGlobalSection
EndGlobal
